
Microsoft Visual Studio Solution File, Format Version 12.00
# Visual Studio Version 17
VisualStudioVersion = 17.7.34202.233
MinimumVisualStudioVersion = 10.0.40219.1
Project("{9A19103F-16F7-4668-BE54-9A1E7A4F7556}") = "HundeKennel", "HundeKennel\HundeKennel.csproj", "{F27A46C5-2222-4485-88A2-B379E575D891}"
EndProject
Project("{FAE04EC0-301F-11D3-BF4B-00C04F79EFBC}") = "DateTimeExtensions", "DateTimeExtensions\DateTimeExtensions.csproj", "{E66448B1-72D3-42B7-B839-4A430848F2D5}"
EndProject
Global
	GlobalSection(SolutionConfigurationPlatforms) = preSolution
		Debug|Any CPU = Debug|Any CPU
		Release|Any CPU = Release|Any CPU
	EndGlobalSection
	GlobalSection(ProjectConfigurationPlatforms) = postSolution
		{F27A46C5-2222-4485-88A2-B379E575D891}.Debug|Any CPU.ActiveCfg = Debug|Any CPU
		{F27A46C5-2222-4485-88A2-B379E575D891}.Debug|Any CPU.Build.0 = Debug|Any CPU
		{F27A46C5-2222-4485-88A2-B379E575D891}.Release|Any CPU.ActiveCfg = Release|Any CPU
		{F27A46C5-2222-4485-88A2-B379E575D891}.Release|Any CPU.Build.0 = Release|Any CPU
		{E66448B1-72D3-42B7-B839-4A430848F2D5}.Debug|Any CPU.ActiveCfg = Debug|Any CPU
		{E66448B1-72D3-42B7-B839-4A430848F2D5}.Debug|Any CPU.Build.0 = Debug|Any CPU
		{E66448B1-72D3-42B7-B839-4A430848F2D5}.Release|Any CPU.ActiveCfg = Release|Any CPU
		{E66448B1-72D3-42B7-B839-4A430848F2D5}.Release|Any CPU.Build.0 = Release|Any CPU
	EndGlobalSection
	GlobalSection(SolutionProperties) = preSolution
		HideSolutionNode = FALSE
	EndGlobalSection
	GlobalSection(ExtensibilityGlobals) = postSolution
		SolutionGuid = {CF1D4CCB-E59D-4348-A732-2D01C5540EC9}
	EndGlobalSection
EndGlobal
